lockfileVersion: '9.0'

settings:
  autoInstallPeers: true
  excludeLinksFromLockfile: false

importers:

  .:
    dependencies:
      '@openzeppelin/contracts':
        specifier: ^5.4.0
        version: 5.4.0
      '@polytope-labs/solidity-merkle-trees':
        specifier: ^0.3.3
        version: 0.3.4
      prettier:
        specifier: ^3.3.3
        version: 3.6.2
      prettier-plugin-solidity:
        specifier: ^1.3.1
        version: 1.4.3(prettier@3.6.2)

packages:

  '@openzeppelin/contracts@5.4.0':
    resolution: {integrity: sha512-eCYgWnLg6WO+X52I16TZt8uEjbtdkgLC0SUX/xnAksjjrQI4Xfn4iBRoI5j55dmlOhDv1Y7BoR3cU7e3WWhC6A==}

  '@polytope-labs/solidity-merkle-trees@0.3.4':
    resolution: {integrity: sha512-ldLirdWNd7qNi8iRfpwlHCwy/FrVMd5wbsu9qVxx/IyOnbQnzzU816AfL3Zn01iN8DhB5UFLMkQ/HmF+VOLGFA==}

  '@solidity-parser/parser@0.20.2':
    resolution: {integrity: sha512-rbu0bzwNvMcwAjH86hiEAcOeRI2EeK8zCkHDrFykh/Al8mvJeFmjy3UrE7GYQjNwOgbGUUtCn5/k8CB8zIu7QA==}

  openzeppelin-solidity@4.8.1:
    resolution: {integrity: sha512-KM0pVpfrCBdifqN2ZeJZFvFuoGz3GmI4Ty/ceKNkcaf7VVWo/rLOfc5EiLh+Ukb5NadNmYo8WMeGhFA8hVWDpg==}
    hasBin: true

  prettier-plugin-solidity@1.4.3:
    resolution: {integrity: sha512-Mrr/iiR9f9IaeGRMZY2ApumXcn/C5Gs3S7B7hWB3gigBFML06C0yEyW86oLp0eqiA0qg+46FaChgLPJCj/pIlg==}
    engines: {node: '>=18'}
    peerDependencies:
      prettier: '>=2.3.0'

  prettier@3.6.2:
    resolution: {integrity: sha512-I7AIg5boAr5R0FFtJ6rCfD+LFsWHp81dolrFD8S79U9tb8Az2nGrJncnMSnys+bpQJfRUzqs9hnA81OAA3hCuQ==}
    engines: {node: '>=14'}
    hasBin: true

  semver@7.7.2:
    resolution: {integrity: sha512-RF0Fw+rO5AMf9MAyaRXI4AV0Ulj5lMHqVxxdSgiVbixSCXoEmmX/jk0CuJw4+3SqroYO9VoUh+HcuJivvtJemA==}
    engines: {node: '>=10'}
    hasBin: true

snapshots:

  '@openzeppelin/contracts@5.4.0': {}

  '@polytope-labs/solidity-merkle-trees@0.3.4':
    dependencies:
      openzeppelin-solidity: 4.8.1
      prettier: 3.6.2
      prettier-plugin-solidity: 1.4.3(prettier@3.6.2)

  '@solidity-parser/parser@0.20.2': {}

  openzeppelin-solidity@4.8.1: {}

  prettier-plugin-solidity@1.4.3(prettier@3.6.2):
    dependencies:
      '@solidity-parser/parser': 0.20.2
      prettier: 3.6.2
      semver: 7.7.2

  prettier@3.6.2: {}

  semver@7.7.2: {}
