lockfileVersion: '9.0'

settings:
  autoInstallPeers: true
  excludeLinksFromLockfile: false

importers:

  .:
    dependencies:
      '@polytope-labs/erc6160':
        specifier: ^0.3.1
        version: 0.3.1
      '@polytope-labs/ismp-solidity':
        specifier: ^0.7.3
        version: 0.7.4
      '@polytope-labs/ismp-solidity-v1':
        specifier: npm:@polytope-labs/ismp-solidity@^1.1.0
        version: '@polytope-labs/ismp-solidity@1.1.0'
      '@polytope-labs/solidity-merkle-trees':
        specifier: ^0.3.4
        version: 0.3.4
      '@uniswap/v2-periphery':
        specifier: ^1.1.0-beta.0
        version: 1.1.0-beta.0
      '@uniswap/v3-core':
        specifier: ^1.0.1
        version: 1.0.1
      '@uniswap/v3-periphery':
        specifier: ^1.4.4
        version: 1.4.4
      openzeppelin-solidity:
        specifier: 4.8.1
        version: 4.8.1
      prettier:
        specifier: ^3.3.3
        version: 3.5.0
      prettier-plugin-solidity:
        specifier: ^1.3.1
        version: 1.4.2(prettier@3.5.0)

packages:

  '@openzeppelin/contracts@3.4.2-solc-0.7':
    resolution: {integrity: sha512-W6QmqgkADuFcTLzHL8vVoNBtkwjvQRpYIAom7KiUNoLKghyx3FgH0GBjt8NRvigV1ZmMOBllvE1By1C+bi8WpA==}

  '@polytope-labs/erc6160@0.3.1':
    resolution: {integrity: sha512-rcadGvzF7ThHkOzgbsDyOiTwEnJN9okHSOK4wuCWiBgfic1raiWvpHJDRJE6egaJxcXM0wvdmRrtQlpammSRqQ==}

  '@polytope-labs/ismp-solidity@0.7.4':
    resolution: {integrity: sha512-NLthu+D+ycLwMkSgdURpzfotKs9NtFuI/TKcNm+8XH8FF74B26o8BOJMtvE2TD2TPOxu9rcs54u2p5HNaHoU2w==}

  '@polytope-labs/ismp-solidity@1.1.0':
    resolution: {integrity: sha512-p9eNRyOr4zqQnuRtekZgAL3prRRSZ7siCHqAywBAi+H86rlE/wR6Ukn/Q9CvXdIpZmVFTZrdljV1LW0vzACRTw==}

  '@polytope-labs/solidity-merkle-trees@0.3.4':
    resolution: {integrity: sha512-ldLirdWNd7qNi8iRfpwlHCwy/FrVMd5wbsu9qVxx/IyOnbQnzzU816AfL3Zn01iN8DhB5UFLMkQ/HmF+VOLGFA==}

  '@solidity-parser/parser@0.19.0':
    resolution: {integrity: sha512-RV16k/qIxW/wWc+mLzV3ARyKUaMUTBy9tOLMzFhtNSKYeTAanQ3a5MudJKf/8arIFnA2L27SNjarQKmFg0w/jA==}

  '@uniswap/lib@1.1.1':
    resolution: {integrity: sha512-2yK7sLpKIT91TiS5sewHtOa7YuM8IuBXVl4GZv2jZFys4D2sY7K5vZh6MqD25TPA95Od+0YzCVq6cTF2IKrOmg==}
    engines: {node: '>=10'}

  '@uniswap/lib@4.0.1-alpha':
    resolution: {integrity: sha512-f6UIliwBbRsgVLxIaBANF6w09tYqc6Y/qXdsrbEmXHyFA7ILiKrIwRFXe1yOg8M3cksgVsO9N7yuL2DdCGQKBA==}
    engines: {node: '>=10'}

  '@uniswap/v2-core@1.0.0':
    resolution: {integrity: sha512-BJiXrBGnN8mti7saW49MXwxDBRFiWemGetE58q8zgfnPPzQKq55ADltEILqOt6VFZ22kVeVKbF8gVd8aY3l7pA==}
    engines: {node: '>=10'}

  '@uniswap/v2-core@1.0.1':
    resolution: {integrity: sha512-MtybtkUPSyysqLY2U210NBDeCHX+ltHt3oADGdjqoThZaFRDKwM6k1Nb3F0A3hk5hwuQvytFWhrWHOEq6nVJ8Q==}
    engines: {node: '>=10'}

  '@uniswap/v2-periphery@1.1.0-beta.0':
    resolution: {integrity: sha512-6dkwAMKza8nzqYiXEr2D86dgW3TTavUvCR0w2Tu33bAbM8Ah43LKAzH7oKKPRT5VJQaMi1jtkGs1E8JPor1n5g==}
    engines: {node: '>=10'}

  '@uniswap/v3-core@1.0.1':
    resolution: {integrity: sha512-7pVk4hEm00j9tc71Y9+ssYpO6ytkeI0y7WE9P6UcmNzhxPePwyAxImuhVsTqWK9YFvzgtvzJHi64pBl4jUzKMQ==}
    engines: {node: '>=10'}

  '@uniswap/v3-periphery@1.4.4':
    resolution: {integrity: sha512-S4+m+wh8HbWSO3DKk4LwUCPZJTpCugIsHrWR86m/OrUyvSqGDTXKFfc2sMuGXCZrD1ZqO3rhQsKgdWg3Hbb2Kw==}
    engines: {node: '>=10'}

  base64-sol@1.0.1:
    resolution: {integrity: sha512-ld3cCNMeXt4uJXmLZBHFGMvVpK9KsLVEhPpFRXnvSVAqABKbuNZg/+dsq3NuM+wxFLb/UrVkz7m1ciWmkMfTbg==}

  openzeppelin-solidity@4.8.1:
    resolution: {integrity: sha512-KM0pVpfrCBdifqN2ZeJZFvFuoGz3GmI4Ty/ceKNkcaf7VVWo/rLOfc5EiLh+Ukb5NadNmYo8WMeGhFA8hVWDpg==}
    hasBin: true

  prettier-plugin-solidity@1.4.2:
    resolution: {integrity: sha512-VVD/4XlDjSzyPWWCPW8JEleFa8JNKFYac5kNlMjVXemQyQZKfpekPMhFZSePuXB6L+RixlFvWe20iacGjFYrLw==}
    engines: {node: '>=18'}
    peerDependencies:
      prettier: '>=2.3.0'

  prettier@3.5.0:
    resolution: {integrity: sha512-quyMrVt6svPS7CjQ9gKb3GLEX/rl3BCL2oa/QkNcXv4YNVBC9olt3s+H7ukto06q7B1Qz46PbrKLO34PR6vXcA==}
    engines: {node: '>=14'}
    hasBin: true

  semver@7.7.1:
    resolution: {integrity: sha512-hlq8tAfn0m/61p4BVRcPzIGr6LKiMwo4VM6dGi6pt4qcRkmNzTcWq6eCEjEh+qXjkMDvPlOFFSGwQjoEa6gyMA==}
    engines: {node: '>=10'}
    hasBin: true

snapshots:

  '@openzeppelin/contracts@3.4.2-solc-0.7': {}

  '@polytope-labs/erc6160@0.3.1':
    dependencies:
      openzeppelin-solidity: 4.8.1
      prettier: 3.5.0
      prettier-plugin-solidity: 1.4.2(prettier@3.5.0)

  '@polytope-labs/ismp-solidity@0.7.4':
    dependencies:
      '@polytope-labs/solidity-merkle-trees': 0.3.4
      openzeppelin-solidity: 4.8.1
      prettier: 3.5.0
      prettier-plugin-solidity: 1.4.2(prettier@3.5.0)

  '@polytope-labs/ismp-solidity@1.1.0':
    dependencies:
      '@polytope-labs/solidity-merkle-trees': 0.3.4
      openzeppelin-solidity: 4.8.1
      prettier: 3.5.0
      prettier-plugin-solidity: 1.4.2(prettier@3.5.0)

  '@polytope-labs/solidity-merkle-trees@0.3.4':
    dependencies:
      openzeppelin-solidity: 4.8.1
      prettier: 3.5.0
      prettier-plugin-solidity: 1.4.2(prettier@3.5.0)

  '@solidity-parser/parser@0.19.0': {}

  '@uniswap/lib@1.1.1': {}

  '@uniswap/lib@4.0.1-alpha': {}

  '@uniswap/v2-core@1.0.0': {}

  '@uniswap/v2-core@1.0.1': {}

  '@uniswap/v2-periphery@1.1.0-beta.0':
    dependencies:
      '@uniswap/lib': 1.1.1
      '@uniswap/v2-core': 1.0.0

  '@uniswap/v3-core@1.0.1': {}

  '@uniswap/v3-periphery@1.4.4':
    dependencies:
      '@openzeppelin/contracts': 3.4.2-solc-0.7
      '@uniswap/lib': 4.0.1-alpha
      '@uniswap/v2-core': 1.0.1
      '@uniswap/v3-core': 1.0.1
      base64-sol: 1.0.1

  base64-sol@1.0.1: {}

  openzeppelin-solidity@4.8.1: {}

  prettier-plugin-solidity@1.4.2(prettier@3.5.0):
    dependencies:
      '@solidity-parser/parser': 0.19.0
      prettier: 3.5.0
      semver: 7.7.1

  prettier@3.5.0: {}

  semver@7.7.1: {}
