# THIS IS AN AUTOGENERATED FILE. DO NOT EDIT THIS FILE DIRECTLY.
# yarn lockfile v1


"@polytope-labs/ismp-solidity@^0.2.2":
  version "0.2.2"
  resolved "https://registry.yarnpkg.com/@polytope-labs/ismp-solidity/-/ismp-solidity-0.2.2.tgz#324e165d857dd03bfa16cbd3c62cad87e1262280"
  integrity sha512-9OdqJ7zlt/8V4cCTqq+BgF0ColAf985R9OJhewNP+Eo53un4RrhraLjExoby2S0rBmmmOtTzGcK6Vr4gjB/W9Q==
  dependencies:
    "@polytope-labs/solidity-merkle-trees" "^0.2.3"
    openzeppelin-solidity "^4.8.1"
    prettier "^3.3.3"
    prettier-plugin-solidity "^1.3.1"

"@polytope-labs/solidity-merkle-trees@^0.2.2":
  version "0.2.2"
  resolved "https://registry.yarnpkg.com/@polytope-labs/solidity-merkle-trees/-/solidity-merkle-trees-0.2.2.tgz#83c3f6ae1bf8d25beb381b34efc1c8de7c45a9fb"
  integrity sha512-KVuFU5rjAvhIw4QpimbYDlHe8/w0H4eu1uRKQ18ScUs52WCao+niVK22zko25XHPhpmr1eKILoyfObr/DmLPXg==

"@polytope-labs/solidity-merkle-trees@^0.2.3":
  version "0.2.3"
  resolved "https://registry.yarnpkg.com/@polytope-labs/solidity-merkle-trees/-/solidity-merkle-trees-0.2.3.tgz#d8346c14190cf41574c20a34b333e26465932622"
  integrity sha512-aUcUjVNX0CXJNk7pS0jpqbfhi3w9VUI21/3IyTOblw0iAmctkUGq5TDwQBR7zXZnuTxpXbBPPEuXW1uhI2BHDA==
  dependencies:
    openzeppelin-solidity "^4.8.1"

"@solidity-parser/parser@^0.17.0":
  version "0.17.0"
  resolved "https://registry.yarnpkg.com/@solidity-parser/parser/-/parser-0.17.0.tgz#52a2fcc97ff609f72011014e4c5b485ec52243ef"
  integrity sha512-Nko8R0/kUo391jsEHHxrGM07QFdnPGvlmox4rmH0kNiNAashItAilhy4Mv4pK5gQmW5f4sXAF58fwJbmlkGcVw==

"@uniswap/lib@1.1.1":
  version "1.1.1"
  resolved "https://registry.yarnpkg.com/@uniswap/lib/-/lib-1.1.1.tgz#0afd29601846c16e5d082866cbb24a9e0758e6bc"
  integrity sha512-2yK7sLpKIT91TiS5sewHtOa7YuM8IuBXVl4GZv2jZFys4D2sY7K5vZh6MqD25TPA95Od+0YzCVq6cTF2IKrOmg==

"@uniswap/v2-core@1.0.0":
  version "1.0.0"
  resolved "https://registry.yarnpkg.com/@uniswap/v2-core/-/v2-core-1.0.0.tgz#e0fab91a7d53e8cafb5326ae4ca18351116b0844"
  integrity sha512-BJiXrBGnN8mti7saW49MXwxDBRFiWemGetE58q8zgfnPPzQKq55ADltEILqOt6VFZ22kVeVKbF8gVd8aY3l7pA==

"@uniswap/v2-periphery@^1.1.0-beta.0":
  version "1.1.0-beta.0"
  resolved "https://registry.yarnpkg.com/@uniswap/v2-periphery/-/v2-periphery-1.1.0-beta.0.tgz#20a4ccfca22f1a45402303aedb5717b6918ebe6d"
  integrity sha512-6dkwAMKza8nzqYiXEr2D86dgW3TTavUvCR0w2Tu33bAbM8Ah43LKAzH7oKKPRT5VJQaMi1jtkGs1E8JPor1n5g==
  dependencies:
    "@uniswap/lib" "1.1.1"
    "@uniswap/v2-core" "1.0.0"

add@^2.0.6:
  version "2.0.6"
  resolved "https://registry.yarnpkg.com/add/-/add-2.0.6.tgz#248f0a9f6e5a528ef2295dbeec30532130ae2235"
  integrity sha512-j5QzrmsokwWWp6kUcJQySpbG+xfOBqqKnup3OIk1pz+kB/80SLorZ9V8zHFLO92Lcd+hbvq8bT+zOGoPkmBV0Q==

openzeppelin-solidity@4.8.1, openzeppelin-solidity@^4.8.1:
  version "4.8.1"
  resolved "https://registry.yarnpkg.com/openzeppelin-solidity/-/openzeppelin-solidity-4.8.1.tgz#2ab492a5a53a5520401e94df36e43807de7a3b50"
  integrity sha512-KM0pVpfrCBdifqN2ZeJZFvFuoGz3GmI4Ty/ceKNkcaf7VVWo/rLOfc5EiLh+Ukb5NadNmYo8WMeGhFA8hVWDpg==

prettier-plugin-solidity@^1.3.1:
  version "1.3.1"
  resolved "https://registry.yarnpkg.com/prettier-plugin-solidity/-/prettier-plugin-solidity-1.3.1.tgz#59944d3155b249f7f234dee29f433524b9a4abcf"
  integrity sha512-MN4OP5I2gHAzHZG1wcuJl0FsLS3c4Cc5494bbg+6oQWBPuEamjwDvmGfFMZ6NFzsh3Efd9UUxeT7ImgjNH4ozA==
  dependencies:
    "@solidity-parser/parser" "^0.17.0"
    semver "^7.5.4"
    solidity-comments-extractor "^0.0.8"

prettier@^3.3.3:
  version "3.3.3"
  resolved "https://registry.yarnpkg.com/prettier/-/prettier-3.3.3.tgz#30c54fe0be0d8d12e6ae61dbb10109ea00d53105"
  integrity sha512-i2tDNA0O5IrMO757lfrdQZCc2jPNDVntV0m/+4whiDfWaTKfMNgR7Qz0NAeGz/nRqF4m5/6CLzbP4/liHt12Ew==

semver@^7.5.4:
  version "7.6.3"
  resolved "https://registry.yarnpkg.com/semver/-/semver-7.6.3.tgz#980f7b5550bc175fb4dc09403085627f9eb33143"
  integrity sha512-oVekP1cKtI+CTDvHWYFUcMtsK/00wmAEfyqKfNdARm8u1wNVhSgaX7A8d4UuIlUI5e84iEwOhs7ZPYRmzU9U6A==

solidity-comments-extractor@^0.0.8:
  version "0.0.8"
  resolved "https://registry.yarnpkg.com/solidity-comments-extractor/-/solidity-comments-extractor-0.0.8.tgz#f6e148ab0c49f30c1abcbecb8b8df01ed8e879f8"
  integrity sha512-htM7Vn6LhHreR+EglVMd2s+sZhcXAirB1Zlyrv5zBuTxieCvjfnRpd7iZk75m/u6NOlEyQ94C6TWbBn2cY7w8g==

yarn@^1.22.22:
  version "1.22.22"
  resolved "https://registry.yarnpkg.com/yarn/-/yarn-1.22.22.tgz#ac34549e6aa8e7ead463a7407e1c7390f61a6610"
  integrity sha512-prL3kGtyG7o9Z9Sv8IPfBNrWTDmXB4Qbes8A9rEzt6wkJV8mUvoirjU0Mp3GGAU06Y0XQyA3/2/RQFVuK7MTfg==
