# THIS IS AN AUTOGENERATED FILE. DO NOT EDIT THIS FILE DIRECTLY.
# yarn lockfile v1


"@hyperbridge/core@^1.1.1":
  version "1.1.1"
  resolved "https://registry.yarnpkg.com/@hyperbridge/core/-/core-1.1.1.tgz#b3a51745c69b5b90f9c335c337ff9bba1600c09a"
  integrity sha512-FjZJxCj+vOePbkFTckZz+A4bmOlCcfasIoA1SLrUS2pcutYTw/HMgKMKFCtZ2pydxpNH+u67zskXopYv3A9/oA==
  dependencies:
    "@polytope-labs/solidity-merkle-trees" "^0.3.3"
    openzeppelin-solidity "^4.8.1"
    prettier "^3.3.3"
    prettier-plugin-solidity "^1.3.1"

"@openzeppelin/contracts@3.4.2-solc-0.7":
  version "3.4.2-solc-0.7"
  resolved "https://registry.yarnpkg.com/@openzeppelin/contracts/-/contracts-3.4.2-solc-0.7.tgz#38f4dbab672631034076ccdf2f3201fab1726635"
  integrity sha512-W6QmqgkADuFcTLzHL8vVoNBtkwjvQRpYIAom7KiUNoLKghyx3FgH0GBjt8NRvigV1ZmMOBllvE1By1C+bi8WpA==

"@openzeppelin/contracts@5.0.2":
  version "5.0.2"
  resolved "https://registry.yarnpkg.com/@openzeppelin/contracts/-/contracts-5.0.2.tgz#b1d03075e49290d06570b2fd42154d76c2a5d210"
  integrity sha512-ytPc6eLGcHHnapAZ9S+5qsdomhjo6QBHTDRRBFfTxXIpsicMhVPouPgmUPebZZZGX7vt9USA+Z+0M0dSVtSUEA==

"@openzeppelin/contracts@^5.0.0":
  version "5.4.0"
  resolved "https://registry.yarnpkg.com/@openzeppelin/contracts/-/contracts-5.4.0.tgz#177594bdb2d86c71f5d1052fe40cb4edb95fb20f"
  integrity sha512-eCYgWnLg6WO+X52I16TZt8uEjbtdkgLC0SUX/xnAksjjrQI4Xfn4iBRoI5j55dmlOhDv1Y7BoR3cU7e3WWhC6A==

"@polytope-labs/erc6160@^0.3.1":
  version "0.3.1"
  resolved "https://registry.yarnpkg.com/@polytope-labs/erc6160/-/erc6160-0.3.1.tgz#c631c4b909a401ea1a7bce583969e8e6297565bc"
  integrity sha512-rcadGvzF7ThHkOzgbsDyOiTwEnJN9okHSOK4wuCWiBgfic1raiWvpHJDRJE6egaJxcXM0wvdmRrtQlpammSRqQ==
  dependencies:
    openzeppelin-solidity "^4.8.1"
    prettier "^3.3.3"
    prettier-plugin-solidity "^1.3.1"

"@polytope-labs/ismp-solidity-v1@npm:@polytope-labs/ismp-solidity@^1.1.0":
  version "1.1.0"
  resolved "https://registry.yarnpkg.com/@polytope-labs/ismp-solidity/-/ismp-solidity-1.1.0.tgz#2319d642368077f28a20049b473e133f56925192"
  integrity sha512-p9eNRyOr4zqQnuRtekZgAL3prRRSZ7siCHqAywBAi+H86rlE/wR6Ukn/Q9CvXdIpZmVFTZrdljV1LW0vzACRTw==
  dependencies:
    "@polytope-labs/solidity-merkle-trees" "^0.3.3"
    openzeppelin-solidity "^4.8.1"
    prettier "^3.3.3"
    prettier-plugin-solidity "^1.3.1"

"@polytope-labs/ismp-solidity@^0.7.3":
  version "0.7.4"
  resolved "https://registry.yarnpkg.com/@polytope-labs/ismp-solidity/-/ismp-solidity-0.7.4.tgz#00a9e02f2eb0cdbb444fb3f244dc8199c5bfb685"
  integrity sha512-NLthu+D+ycLwMkSgdURpzfotKs9NtFuI/TKcNm+8XH8FF74B26o8BOJMtvE2TD2TPOxu9rcs54u2p5HNaHoU2w==
  dependencies:
    "@polytope-labs/solidity-merkle-trees" "^0.3.3"
    openzeppelin-solidity "^4.8.1"
    prettier "^3.3.3"
    prettier-plugin-solidity "^1.3.1"

"@polytope-labs/solidity-merkle-trees@^0.3.3", "@polytope-labs/solidity-merkle-trees@^0.3.4":
  version "0.3.4"
  resolved "https://registry.yarnpkg.com/@polytope-labs/solidity-merkle-trees/-/solidity-merkle-trees-0.3.4.tgz#49553502c768d8dc46daaeb9d1734dd85b518739"
  integrity sha512-ldLirdWNd7qNi8iRfpwlHCwy/FrVMd5wbsu9qVxx/IyOnbQnzzU816AfL3Zn01iN8DhB5UFLMkQ/HmF+VOLGFA==
  dependencies:
    openzeppelin-solidity "^4.8.1"
    prettier "^3.3.3"
    prettier-plugin-solidity "^1.4.1"

"@solidity-parser/parser@^0.19.0":
  version "0.19.0"
  resolved "https://registry.yarnpkg.com/@solidity-parser/parser/-/parser-0.19.0.tgz#37a8983b2725af9b14ff8c4a475fa0e98d773c3f"
  integrity sha512-RV16k/qIxW/wWc+mLzV3ARyKUaMUTBy9tOLMzFhtNSKYeTAanQ3a5MudJKf/8arIFnA2L27SNjarQKmFg0w/jA==

"@uniswap/lib@1.1.1":
  version "1.1.1"
  resolved "https://registry.yarnpkg.com/@uniswap/lib/-/lib-1.1.1.tgz#0afd29601846c16e5d082866cbb24a9e0758e6bc"
  integrity sha512-2yK7sLpKIT91TiS5sewHtOa7YuM8IuBXVl4GZv2jZFys4D2sY7K5vZh6MqD25TPA95Od+0YzCVq6cTF2IKrOmg==

"@uniswap/lib@^4.0.1-alpha":
  version "4.0.1-alpha"
  resolved "https://registry.yarnpkg.com/@uniswap/lib/-/lib-4.0.1-alpha.tgz#2881008e55f075344675b3bca93f020b028fbd02"
  integrity sha512-f6UIliwBbRsgVLxIaBANF6w09tYqc6Y/qXdsrbEmXHyFA7ILiKrIwRFXe1yOg8M3cksgVsO9N7yuL2DdCGQKBA==

"@uniswap/swap-router-contracts@^1.3.1":
  version "1.3.1"
  resolved "https://registry.yarnpkg.com/@uniswap/swap-router-contracts/-/swap-router-contracts-1.3.1.tgz#0ebbb93eb578625618ed9489872de381f9c66fb4"
  integrity sha512-mh/YNbwKb7Mut96VuEtL+Z5bRe0xVIbjjiryn+iMMrK2sFKhR4duk/86mEz0UO5gSx4pQIw9G5276P5heY/7Rg==
  dependencies:
    "@openzeppelin/contracts" "3.4.2-solc-0.7"
    "@uniswap/v2-core" "^1.0.1"
    "@uniswap/v3-core" "^1.0.0"
    "@uniswap/v3-periphery" "^1.4.4"
    dotenv "^14.2.0"
    hardhat-watcher "^2.1.1"

"@uniswap/universal-router@github:Uniswap/universal-router":
  version "2.1.0"
  resolved "https://codeload.github.com/Uniswap/universal-router/tar.gz/050b93cf4e9508b78412f23ad66e85d5c76a45b5"
  dependencies:
    "@openzeppelin/contracts" "5.0.2"
    "@uniswap/v2-core" "1.0.1"
    "@uniswap/v3-core" "1.0.0"

"@uniswap/v2-core@1.0.0":
  version "1.0.0"
  resolved "https://registry.yarnpkg.com/@uniswap/v2-core/-/v2-core-1.0.0.tgz#e0fab91a7d53e8cafb5326ae4ca18351116b0844"
  integrity sha512-BJiXrBGnN8mti7saW49MXwxDBRFiWemGetE58q8zgfnPPzQKq55ADltEILqOt6VFZ22kVeVKbF8gVd8aY3l7pA==

"@uniswap/v2-core@1.0.1", "@uniswap/v2-core@^1.0.1":
  version "1.0.1"
  resolved "https://registry.yarnpkg.com/@uniswap/v2-core/-/v2-core-1.0.1.tgz#af8f508bf183204779938969e2e54043e147d425"
  integrity sha512-MtybtkUPSyysqLY2U210NBDeCHX+ltHt3oADGdjqoThZaFRDKwM6k1Nb3F0A3hk5hwuQvytFWhrWHOEq6nVJ8Q==

"@uniswap/v2-periphery@^1.1.0-beta.0":
  version "1.1.0-beta.0"
  resolved "https://registry.yarnpkg.com/@uniswap/v2-periphery/-/v2-periphery-1.1.0-beta.0.tgz#20a4ccfca22f1a45402303aedb5717b6918ebe6d"
  integrity sha512-6dkwAMKza8nzqYiXEr2D86dgW3TTavUvCR0w2Tu33bAbM8Ah43LKAzH7oKKPRT5VJQaMi1jtkGs1E8JPor1n5g==
  dependencies:
    "@uniswap/lib" "1.1.1"
    "@uniswap/v2-core" "1.0.0"

"@uniswap/v3-core@1.0.0":
  version "1.0.0"
  resolved "https://registry.yarnpkg.com/@uniswap/v3-core/-/v3-core-1.0.0.tgz#6c24adacc4c25dceee0ba3ca142b35adbd7e359d"
  integrity sha512-kSC4djMGKMHj7sLMYVnn61k9nu+lHjMIxgg9CDQT+s2QYLoA56GbSK9Oxr+qJXzzygbkrmuY6cwgP6cW2JXPFA==

"@uniswap/v3-core@^1.0.0", "@uniswap/v3-core@^1.0.1":
  version "1.0.1"
  resolved "https://registry.yarnpkg.com/@uniswap/v3-core/-/v3-core-1.0.1.tgz#b6d2bdc6ba3c3fbd610bdc502395d86cd35264a0"
  integrity sha512-7pVk4hEm00j9tc71Y9+ssYpO6ytkeI0y7WE9P6UcmNzhxPePwyAxImuhVsTqWK9YFvzgtvzJHi64pBl4jUzKMQ==

"@uniswap/v3-periphery@^1.4.4":
  version "1.4.4"
  resolved "https://registry.yarnpkg.com/@uniswap/v3-periphery/-/v3-periphery-1.4.4.tgz#d2756c23b69718173c5874f37fd4ad57d2f021b7"
  integrity sha512-S4+m+wh8HbWSO3DKk4LwUCPZJTpCugIsHrWR86m/OrUyvSqGDTXKFfc2sMuGXCZrD1ZqO3rhQsKgdWg3Hbb2Kw==
  dependencies:
    "@openzeppelin/contracts" "3.4.2-solc-0.7"
    "@uniswap/lib" "^4.0.1-alpha"
    "@uniswap/v2-core" "^1.0.1"
    "@uniswap/v3-core" "^1.0.0"
    base64-sol "1.0.1"

"@uniswap/v4-core@github:Uniswap/v4-core":
  version "1.0.2"
  resolved "https://codeload.github.com/Uniswap/v4-core/tar.gz/d153b048868a60c2403a3ef5b2301bb247884d46"

"@uniswap/v4-periphery@github:Uniswap/v4-periphery":
  version "1.0.3"
  resolved "https://codeload.github.com/Uniswap/v4-periphery/tar.gz/3779387e5d296f39df543d23524b050f89a62917"

anymatch@~3.1.2:
  version "3.1.3"
  resolved "https://registry.yarnpkg.com/anymatch/-/anymatch-3.1.3.tgz#790c58b19ba1720a84205b57c618d5ad8524973e"
  integrity sha512-KMReFUr0B4t+D+OBkjR3KYqvocp2XaSzO55UcB6mgQMd3KbcE+mWTyvVV7D/zsdEbNnV6acZUutkiHQXvTr1Rw==
  dependencies:
    normalize-path "^3.0.0"
    picomatch "^2.0.4"

base64-sol@1.0.1:
  version "1.0.1"
  resolved "https://registry.yarnpkg.com/base64-sol/-/base64-sol-1.0.1.tgz#91317aa341f0bc763811783c5729f1c2574600f6"
  integrity sha512-ld3cCNMeXt4uJXmLZBHFGMvVpK9KsLVEhPpFRXnvSVAqABKbuNZg/+dsq3NuM+wxFLb/UrVkz7m1ciWmkMfTbg==

binary-extensions@^2.0.0:
  version "2.3.0"
  resolved "https://registry.yarnpkg.com/binary-extensions/-/binary-extensions-2.3.0.tgz#f6e14a97858d327252200242d4ccfe522c445522"
  integrity sha512-Ceh+7ox5qe7LJuLHoY0feh3pHuUDHAcRUeyL2VYghZwfpkNIy/+8Ocg0a3UuSoYzavmylwuLWQOf3hl0jjMMIw==

braces@~3.0.2:
  version "3.0.3"
  resolved "https://registry.yarnpkg.com/braces/-/braces-3.0.3.tgz#490332f40919452272d55a8480adc0c441358789"
  integrity sha512-yQbXgO/OSZVD2IsiLlro+7Hf6Q18EJrKSEsdoMzKePKXct3gvD8oLcOQdIzGupr5Fj+EDe8gO/lxc1BzfMpxvA==
  dependencies:
    fill-range "^7.1.1"

chokidar@^3.5.3:
  version "3.6.0"
  resolved "https://registry.yarnpkg.com/chokidar/-/chokidar-3.6.0.tgz#197c6cc669ef2a8dc5e7b4d97ee4e092c3eb0d5b"
  integrity sha512-7VT13fmjotKpGipCW9JEQAusEPE+Ei8nl6/g4FBAmIm0GOOLMua9NDDo/DWp0ZAxCr3cPq5ZpBqmPAQgDda2Pw==
  dependencies:
    anymatch "~3.1.2"
    braces "~3.0.2"
    glob-parent "~5.1.2"
    is-binary-path "~2.1.0"
    is-glob "~4.0.1"
    normalize-path "~3.0.0"
    readdirp "~3.6.0"
  optionalDependencies:
    fsevents "~2.3.2"

dotenv@^14.2.0:
  version "14.3.2"
  resolved "https://registry.yarnpkg.com/dotenv/-/dotenv-14.3.2.tgz#7c30b3a5f777c79a3429cb2db358eef6751e8369"
  integrity sha512-vwEppIphpFdvaMCaHfCEv9IgwcxMljMw2TnAQBB4VWPvzXQLTb82jwmdOKzlEVUL3gNFT4l4TPKO+Bn+sqcrVQ==

fill-range@^7.1.1:
  version "7.1.1"
  resolved "https://registry.yarnpkg.com/fill-range/-/fill-range-7.1.1.tgz#44265d3cac07e3ea7dc247516380643754a05292"
  integrity sha512-YsGpe3WHLK8ZYi4tWDg2Jy3ebRz2rXowDxnld4bkQB00cc/1Zw9AWnC0i9ztDJitivtQvaI9KaLyKrc+hBW0yg==
  dependencies:
    to-regex-range "^5.0.1"

fsevents@~2.3.2:
  version "2.3.3"
  resolved "https://registry.yarnpkg.com/fsevents/-/fsevents-2.3.3.tgz#cac6407785d03675a2a5e1a5305c697b347d90d6"
  integrity sha512-5xoDfX+fL7faATnagmWPpbFtwh/R77WmMMqqHGS65C3vvB0YHrgF+B1YmZ3441tMj5n63k0212XNoJwzlhffQw==

glob-parent@~5.1.2:
  version "5.1.2"
  resolved "https://registry.yarnpkg.com/glob-parent/-/glob-parent-5.1.2.tgz#869832c58034fe68a4093c17dc15e8340d8401c4"
  integrity sha512-AOIgSQCepiJYwP3ARnGx+5VnTu2HBYdzbGP45eLw1vr3zB3vZLeyed1sC9hnbcOc9/SrMyM5RPQrkGz4aS9Zow==
  dependencies:
    is-glob "^4.0.1"

hardhat-watcher@^2.1.1:
  version "2.5.0"
  resolved "https://registry.yarnpkg.com/hardhat-watcher/-/hardhat-watcher-2.5.0.tgz#3ee76c3cb5b99f2875b78d176207745aa484ed4a"
  integrity sha512-Su2qcSMIo2YO2PrmJ0/tdkf+6pSt8zf9+4URR5edMVti6+ShI8T3xhPrwugdyTOFuyj8lKHrcTZNKUFYowYiyA==
  dependencies:
    chokidar "^3.5.3"

is-binary-path@~2.1.0:
  version "2.1.0"
  resolved "https://registry.yarnpkg.com/is-binary-path/-/is-binary-path-2.1.0.tgz#ea1f7f3b80f064236e83470f86c09c254fb45b09"
  integrity sha512-ZMERYes6pDydyuGidse7OsHxtbI7WVeUEozgR/g7rd0xUimYNlvZRE/K2MgZTjWy725IfelLeVcEM97mmtRGXw==
  dependencies:
    binary-extensions "^2.0.0"

is-extglob@^2.1.1:
  version "2.1.1"
  resolved "https://registry.yarnpkg.com/is-extglob/-/is-extglob-2.1.1.tgz#a88c02535791f02ed37c76a1b9ea9773c833f8c2"
  integrity sha512-SbKbANkN603Vi4jEZv49LeVJMn4yGwsbzZworEoyEiutsN3nJYdbO36zfhGJ6QEDpOZIFkDtnq5JRxmvl3jsoQ==

is-glob@^4.0.1, is-glob@~4.0.1:
  version "4.0.3"
  resolved "https://registry.yarnpkg.com/is-glob/-/is-glob-4.0.3.tgz#64f61e42cbbb2eec2071a9dac0b28ba1e65d5084"
  integrity sha512-xelSayHH36ZgE7ZWhli7pW34hNbNl8Ojv5KVmkJD4hBdD3th8Tfk9vYasLM+mXWOZhFkgZfxhLSnrwRr4elSSg==
  dependencies:
    is-extglob "^2.1.1"

is-number@^7.0.0:
  version "7.0.0"
  resolved "https://registry.yarnpkg.com/is-number/-/is-number-7.0.0.tgz#7535345b896734d5f80c4d06c50955527a14f12b"
  integrity sha512-41Cifkg6e8TylSpdtTpeLVMqvSBEVzTttHvERD741+pnZ8ANv0004MRL43QKPDlK9cGvNp6NZWZUBlbGXYxxng==

normalize-path@^3.0.0, normalize-path@~3.0.0:
  version "3.0.0"
  resolved "https://registry.yarnpkg.com/normalize-path/-/normalize-path-3.0.0.tgz#0dcd69ff23a1c9b11fd0978316644a0388216a65"
  integrity sha512-6eZs5Ls3WtCisHWp9S2GUy8dqkpGi4BVSz3GaqiE6ezub0512ESztXUwUB6C6IKbQkY2Pnb/mD4WYojCRwcwLA==

openzeppelin-solidity@4.8.1, openzeppelin-solidity@^4.8.1:
  version "4.8.1"
  resolved "https://registry.yarnpkg.com/openzeppelin-solidity/-/openzeppelin-solidity-4.8.1.tgz#2ab492a5a53a5520401e94df36e43807de7a3b50"
  integrity sha512-KM0pVpfrCBdifqN2ZeJZFvFuoGz3GmI4Ty/ceKNkcaf7VVWo/rLOfc5EiLh+Ukb5NadNmYo8WMeGhFA8hVWDpg==

picomatch@^2.0.4, picomatch@^2.2.1:
  version "2.3.1"
  resolved "https://registry.yarnpkg.com/picomatch/-/picomatch-2.3.1.tgz#3ba3833733646d9d3e4995946c1365a67fb07a42"
  integrity sha512-JU3teHTNjmE2VCGFzuY8EXzCDVwEqB2a8fsIvwaStHhAWJEeVd1o1QD80CU6+ZdEXXSLbSsuLwJjkCBWqRQUVA==

prettier-plugin-solidity@^1.3.1, prettier-plugin-solidity@^1.4.1:
  version "1.4.2"
  resolved "https://registry.yarnpkg.com/prettier-plugin-solidity/-/prettier-plugin-solidity-1.4.2.tgz#d4f6173674e73a29731a8c79c45ab6f5246310df"
  integrity sha512-VVD/4XlDjSzyPWWCPW8JEleFa8JNKFYac5kNlMjVXemQyQZKfpekPMhFZSePuXB6L+RixlFvWe20iacGjFYrLw==
  dependencies:
    "@solidity-parser/parser" "^0.19.0"
    semver "^7.6.3"

prettier@^3.3.3:
  version "3.5.1"
  resolved "https://registry.yarnpkg.com/prettier/-/prettier-3.5.1.tgz#22fac9d0b18c0b92055ac8fb619ac1c7bef02fb7"
  integrity sha512-hPpFQvHwL3Qv5AdRvBFMhnKo4tYxp0ReXiPn2bxkiohEX6mBeBwEpBSQTkD458RaaDKQMYSp4hX4UtfUTA5wDw==

readdirp@~3.6.0:
  version "3.6.0"
  resolved "https://registry.yarnpkg.com/readdirp/-/readdirp-3.6.0.tgz#74a370bd857116e245b29cc97340cd431a02a6c7"
  integrity sha512-hOS089on8RduqdbhvQ5Z37A0ESjsqz6qnRcffsMU3495FuTdqSm+7bhJ29JvIOsBDEEnan5DPu9t3To9VRlMzA==
  dependencies:
    picomatch "^2.2.1"

semver@^7.6.3:
  version "7.7.1"
  resolved "https://registry.yarnpkg.com/semver/-/semver-7.7.1.tgz#abd5098d82b18c6c81f6074ff2647fd3e7220c9f"
  integrity sha512-hlq8tAfn0m/61p4BVRcPzIGr6LKiMwo4VM6dGi6pt4qcRkmNzTcWq6eCEjEh+qXjkMDvPlOFFSGwQjoEa6gyMA==

to-regex-range@^5.0.1:
  version "5.0.1"
  resolved "https://registry.yarnpkg.com/to-regex-range/-/to-regex-range-5.0.1.tgz#1648c44aae7c8d988a326018ed72f5b4dd0392e4"
  integrity sha512-65P7iz6X5yEr1cwcgvQxbbIw7Uk3gOy5dIdtZ4rDveLqhrdJP+Li/Hx6tyK0NEb+2GCyneCMJiGqrADCSNk8sQ==
  dependencies:
    is-number "^7.0.0"
