# THIS IS AN AUTOGENERATED FILE. DO NOT EDIT THIS FILE DIRECTLY.
# yarn lockfile v1


"@polytope-labs/erc6160@^0.3.0":
  "integrity" "sha512-8eW+xetYveMcDcdNa6L7M/vYxZ6wm1f3rF2No1ltfo7FuAp2qbjzjOYguIXkn041S4sp+SM9HC8BlOoopnr4Iw=="
  "resolved" "https://registry.npmjs.org/@polytope-labs/erc6160/-/erc6160-0.3.0.tgz"
  "version" "0.3.0"
  dependencies:
    "openzeppelin-solidity" "^4.8.1"
    "prettier" "^3.3.3"
    "prettier-plugin-solidity" "^1.3.1"

"@polytope-labs/ismp-solidity@^0.3.2":
  "integrity" "sha512-wgT5tkZqo48oalQyqYsvH0ZCxP8ssyVZ4XsrMS6g3Qgpt9UPAsDq61+jN9Y+T5eQ9E/xolTPvH7/DYq+GHQSug=="
  "resolved" "https://registry.npmjs.org/@polytope-labs/ismp-solidity/-/ismp-solidity-0.3.2.tgz"
  "version" "0.3.2"
  dependencies:
    "@polytope-labs/solidity-merkle-trees" "^0.2.3"
    "openzeppelin-solidity" "^4.8.1"
    "prettier" "^3.3.3"
    "prettier-plugin-solidity" "^1.3.1"

"@polytope-labs/solidity-merkle-trees@^0.2.3":
  "integrity" "sha512-aUcUjVNX0CXJNk7pS0jpqbfhi3w9VUI21/3IyTOblw0iAmctkUGq5TDwQBR7zXZnuTxpXbBPPEuXW1uhI2BHDA=="
  "resolved" "https://registry.npmjs.org/@polytope-labs/solidity-merkle-trees/-/solidity-merkle-trees-0.2.3.tgz"
  "version" "0.2.3"
  dependencies:
    "openzeppelin-solidity" "^4.8.1"

"@solidity-parser/parser@^0.17.0":
  "integrity" "sha512-Nko8R0/kUo391jsEHHxrGM07QFdnPGvlmox4rmH0kNiNAashItAilhy4Mv4pK5gQmW5f4sXAF58fwJbmlkGcVw=="
  "resolved" "https://registry.npmjs.org/@solidity-parser/parser/-/parser-0.17.0.tgz"
  "version" "0.17.0"

"@uniswap/lib@1.1.1":
  "integrity" "sha512-2yK7sLpKIT91TiS5sewHtOa7YuM8IuBXVl4GZv2jZFys4D2sY7K5vZh6MqD25TPA95Od+0YzCVq6cTF2IKrOmg=="
  "resolved" "https://registry.npmjs.org/@uniswap/lib/-/lib-1.1.1.tgz"
  "version" "1.1.1"

"@uniswap/v2-core@1.0.0":
  "integrity" "sha512-BJiXrBGnN8mti7saW49MXwxDBRFiWemGetE58q8zgfnPPzQKq55ADltEILqOt6VFZ22kVeVKbF8gVd8aY3l7pA=="
  "resolved" "https://registry.npmjs.org/@uniswap/v2-core/-/v2-core-1.0.0.tgz"
  "version" "1.0.0"

"@uniswap/v2-periphery@^1.1.0-beta.0":
  "integrity" "sha512-6dkwAMKza8nzqYiXEr2D86dgW3TTavUvCR0w2Tu33bAbM8Ah43LKAzH7oKKPRT5VJQaMi1jtkGs1E8JPor1n5g=="
  "resolved" "https://registry.npmjs.org/@uniswap/v2-periphery/-/v2-periphery-1.1.0-beta.0.tgz"
  "version" "1.1.0-beta.0"
  dependencies:
    "@uniswap/lib" "1.1.1"
    "@uniswap/v2-core" "1.0.0"

"openzeppelin-solidity@^4.8.1", "openzeppelin-solidity@4.8.1":
  "integrity" "sha512-KM0pVpfrCBdifqN2ZeJZFvFuoGz3GmI4Ty/ceKNkcaf7VVWo/rLOfc5EiLh+Ukb5NadNmYo8WMeGhFA8hVWDpg=="
  "resolved" "https://registry.npmjs.org/openzeppelin-solidity/-/openzeppelin-solidity-4.8.1.tgz"
  "version" "4.8.1"

"prettier-plugin-solidity@^1.3.1":
  "integrity" "sha512-MN4OP5I2gHAzHZG1wcuJl0FsLS3c4Cc5494bbg+6oQWBPuEamjwDvmGfFMZ6NFzsh3Efd9UUxeT7ImgjNH4ozA=="
  "resolved" "https://registry.npmjs.org/prettier-plugin-solidity/-/prettier-plugin-solidity-1.3.1.tgz"
  "version" "1.3.1"
  dependencies:
    "@solidity-parser/parser" "^0.17.0"
    "semver" "^7.5.4"
    "solidity-comments-extractor" "^0.0.8"

"prettier@^3.3.3", "prettier@>=2.3.0":
  "integrity" "sha512-i2tDNA0O5IrMO757lfrdQZCc2jPNDVntV0m/+4whiDfWaTKfMNgR7Qz0NAeGz/nRqF4m5/6CLzbP4/liHt12Ew=="
  "resolved" "https://registry.npmjs.org/prettier/-/prettier-3.3.3.tgz"
  "version" "3.3.3"

"semver@^7.5.4":
  "integrity" "sha512-oVekP1cKtI+CTDvHWYFUcMtsK/00wmAEfyqKfNdARm8u1wNVhSgaX7A8d4UuIlUI5e84iEwOhs7ZPYRmzU9U6A=="
  "resolved" "https://registry.npmjs.org/semver/-/semver-7.6.3.tgz"
  "version" "7.6.3"

"solidity-comments-extractor@^0.0.8":
  "integrity" "sha512-htM7Vn6LhHreR+EglVMd2s+sZhcXAirB1Zlyrv5zBuTxieCvjfnRpd7iZk75m/u6NOlEyQ94C6TWbBn2cY7w8g=="
  "resolved" "https://registry.npmjs.org/solidity-comments-extractor/-/solidity-comments-extractor-0.0.8.tgz"
  "version" "0.0.8"
